
Microsoft Visual Studio Solution File, Format Version 12.00
# Visual Studio Version 17
VisualStudioVersion = 17.3.32819.101
MinimumVisualStudioVersion = 10.0.40219.1
Project("{FAE04EC0-301F-11D3-BF4B-00C04F79EFBC}") = "Casgem_JWT", "Casgem_JWT\Casgem_JWT.csproj", "{155A6A20-1A4C-4AFB-85E7-C78195ED71CB}"
EndProject
Global
	GlobalSection(SolutionConfigurationPlatforms) = preSolution
		Debug|Any CPU = Debug|Any CPU
		Release|Any CPU = Release|Any CPU
	EndGlobalSection
	GlobalSection(ProjectConfigurationPlatforms) = postSolution
		{155A6A20-1A4C-4AFB-85E7-C78195ED71CB}.Debug|Any CPU.ActiveCfg = Debug|Any CPU
		{155A6A20-1A4C-4AFB-85E7-C78195ED71CB}.Debug|Any CPU.Build.0 = Debug|Any CPU
		{155A6A20-1A4C-4AFB-85E7-C78195ED71CB}.Release|Any CPU.ActiveCfg = Release|Any CPU
		{155A6A20-1A4C-4AFB-85E7-C78195ED71CB}.Release|Any CPU.Build.0 = Release|Any CPU
	EndGlobalSection
	GlobalSection(SolutionProperties) = preSolution
		HideSolutionNode = FALSE
	EndGlobalSection
	GlobalSection(ExtensibilityGlobals) = postSolution
		SolutionGuid = {364468D3-9AD7-42BD-AEB8-DBD2E77313AA}
	EndGlobalSection
EndGlobal
